
Microsoft Visual Studio Solution File, Format Version 12.00
# Visual Studio 15
VisualStudioVersion = 15.0.26730.15
MinimumVisualStudioVersion = 10.0.40219.1
Project("{2150E333-8FDC-42A3-9474-1A3956D46DE8}") = "src", "src", "{7C9E389A-5503-4544-88EC-7E898AEEED6B}"
EndProject
Project("{9A19103F-16F7-4668-BE54-9A1E7A4F7556}") = "ApplicationCore", "ApplicationCore\ApplicationCore.csproj", "{C1858479-B5CF-4511-A197-A8AF340F9B33}"
EndProject
Project("{9A19103F-16F7-4668-BE54-9A1E7A4F7556}") = "Infrastructure", "Infrastructure\Infrastructure.csproj", "{1BC1F1A2-8EFD-4F04-B67F-A44EDA3C23E3}"
EndProject
Project("{FAE04EC0-301F-11D3-BF4B-00C04F79EFBC}") = "WritingWeb", "WritingWeb\WritingWeb.csproj", "{CA1C5322-1A6A-4E5F-9F15-471BB35BE20F}"
EndProject
Global
	GlobalSection(SolutionConfigurationPlatforms) = preSolution
		Debug|Any CPU = Debug|Any CPU
		Release|Any CPU = Release|Any CPU
	EndGlobalSection
	GlobalSection(ProjectConfigurationPlatforms) = postSolution
		{C1858479-B5CF-4511-A197-A8AF340F9B33}.Debug|Any CPU.ActiveCfg = Debug|Any CPU
		{C1858479-B5CF-4511-A197-A8AF340F9B33}.Debug|Any CPU.Build.0 = Debug|Any CPU
		{C1858479-B5CF-4511-A197-A8AF340F9B33}.Release|Any CPU.ActiveCfg = Release|Any CPU
		{C1858479-B5CF-4511-A197-A8AF340F9B33}.Release|Any CPU.Build.0 = Release|Any CPU
		{1BC1F1A2-8EFD-4F04-B67F-A44EDA3C23E3}.Debug|Any CPU.ActiveCfg = Debug|Any CPU
		{1BC1F1A2-8EFD-4F04-B67F-A44EDA3C23E3}.Debug|Any CPU.Build.0 = Debug|Any CPU
		{1BC1F1A2-8EFD-4F04-B67F-A44EDA3C23E3}.Release|Any CPU.ActiveCfg = Release|Any CPU
		{1BC1F1A2-8EFD-4F04-B67F-A44EDA3C23E3}.Release|Any CPU.Build.0 = Release|Any CPU
		{CA1C5322-1A6A-4E5F-9F15-471BB35BE20F}.Debug|Any CPU.ActiveCfg = Debug|Any CPU
		{CA1C5322-1A6A-4E5F-9F15-471BB35BE20F}.Debug|Any CPU.Build.0 = Debug|Any CPU
		{CA1C5322-1A6A-4E5F-9F15-471BB35BE20F}.Release|Any CPU.ActiveCfg = Release|Any CPU
		{CA1C5322-1A6A-4E5F-9F15-471BB35BE20F}.Release|Any CPU.Build.0 = Release|Any CPU
	EndGlobalSection
	GlobalSection(SolutionProperties) = preSolution
		HideSolutionNode = FALSE
	EndGlobalSection
	GlobalSection(NestedProjects) = preSolution
		{C1858479-B5CF-4511-A197-A8AF340F9B33} = {7C9E389A-5503-4544-88EC-7E898AEEED6B}
		{1BC1F1A2-8EFD-4F04-B67F-A44EDA3C23E3} = {7C9E389A-5503-4544-88EC-7E898AEEED6B}
		{CA1C5322-1A6A-4E5F-9F15-471BB35BE20F} = {7C9E389A-5503-4544-88EC-7E898AEEED6B}
	EndGlobalSection
	GlobalSection(ExtensibilityGlobals) = postSolution
		SolutionGuid = {A92DCC11-FDA0-43EA-A6BB-17F37111FAE6}
	EndGlobalSection
EndGlobal
